
Microsoft Visual Studio Solution File, Format Version 12.00
# Visual Studio Version 16
VisualStudioVersion = 25.0.1700.0
MinimumVisualStudioVersion = 10.0.40219.1
Project("{FAE04EC0-301F-11D3-BF4B-00C04F79EFBC}") = "idea_generic_task_server", "idea_generic_task_server\idea_generic_task_server.csproj", "{7EF5C005-7359-4637-AFEE-D9FF1F442DB0}"
EndProject
Global
	GlobalSection(SolutionConfigurationPlatforms) = preSolution
		Debug|Any CPU = Debug|Any CPU
		Release|Any CPU = Release|Any CPU
	EndGlobalSection
	GlobalSection(ProjectConfigurationPlatforms) = postSolution
		{7EF5C005-7359-4637-AFEE-D9FF1F442DB0}.Debug|Any CPU.ActiveCfg = Debug|Any CPU
		{7EF5C005-7359-4637-AFEE-D9FF1F442DB0}.Debug|Any CPU.Build.0 = Debug|Any CPU
		{7EF5C005-7359-4637-AFEE-D9FF1F442DB0}.Release|Any CPU.ActiveCfg = Release|Any CPU
		{7EF5C005-7359-4637-AFEE-D9FF1F442DB0}.Release|Any CPU.Build.0 = Release|Any CPU
	EndGlobalSection
	GlobalSection(SolutionProperties) = preSolution
		HideSolutionNode = FALSE
	EndGlobalSection
	GlobalSection(ExtensibilityGlobals) = postSolution
		SolutionGuid = {F55F5800-9BD0-4215-B471-6955426BC574}
	EndGlobalSection
EndGlobal
